// !$*UTF8*$!
{
	archiveVersion = 1;
	classes = {
	};
	objectVersion = 46;
	objects = {

/* Begin PBXBuildFile section */
		551E0D9A1CC3C53C008B80E1 /* LNYAppDelegate.m in Sources */ = {isa = PBXBuildFile; fileRef = 551E0D991CC3C53C008B80E1 /* LNYAppDelegate.m */; };
		551E0D9D1CC3C53C008B80E1 /* main.m in Sources */ = {isa = PBXBuildFile; fileRef = 551E0D9C1CC3C53C008B80E1 /* main.m */; };
		551E0DA01CC3C53C008B80E1 /* LNYJekyllFolderDocument.m in Sources */ = {isa = PBXBuildFile; fileRef = 551E0D9F1CC3C53C008B80E1 /* LNYJekyllFolderDocument.m */; };
		551E0DA31CC3C53C008B80E1 /* LNYJekyllFolderDocument.xib in Resources */ = {isa = PBXBuildFile; fileRef = 551E0DA11CC3C53C008B80E1 /* LNYJekyllFolderDocument.xib */; };
		551E0DA51CC3C53C008B80E1 /* Assets.xcassets in Resources */ = {isa = PBXBuildFile; fileRef = 551E0DA41CC3C53C008B80E1 /* Assets.xcassets */; };
		551E0DA81CC3C53C008B80E1 /* MainMenu.xib in Resources */ = {isa = PBXBuildFile; fileRef = 551E0DA61CC3C53C008B80E1 /* MainMenu.xib */; };
		551E0DB11CC3C5E0008B80E1 /* ULIFolderDocumentController.m in Sources */ = {isa = PBXBuildFile; fileRef = 551E0DB01CC3C5E0008B80E1 /* ULIFolderDocumentController.m */; };
		551E0DB41CC3C9C7008B80E1 /* NSTask+ULIReadOutput.m in Sources */ = {isa = PBXBuildFile; fileRef = 551E0DB31CC3C9C7008B80E1 /* NSTask+ULIReadOutput.m */; };
		551E0DB61CC3CF00008B80E1 /* LNYInitialDefaults.plist in Resources */ = {isa = PBXBuildFile; fileRef = 551E0DB51CC3CEFF008B80E1 /* LNYInitialDefaults.plist */; };
		551E0DBA1CC3D1E7008B80E1 /* LNYJekyllInstallerWindowController.m in Sources */ = {isa = PBXBuildFile; fileRef = 551E0DB81CC3D1E7008B80E1 /* LNYJekyllInstallerWindowController.m */; };
		551E0DBB1CC3D1E7008B80E1 /* LNYJekyllInstallerWindowController.xib in Resources */ = {isa = PBXBuildFile; fileRef = 551E0DB91CC3D1E7008B80E1 /* LNYJekyllInstallerWindowController.xib */; };
		551E0DBE1CC3F77D008B80E1 /* ULIInputPanelController.m in Sources */ = {isa = PBXBuildFile; fileRef = 551E0DBD1CC3F77D008B80E1 /* ULIInputPanelController.m */; };
		551E0DC11CC3F8D9008B80E1 /* NSStringDrawing+SizeWithRect.m in Sources */ = {isa = PBXBuildFile; fileRef = 551E0DC01CC3F8D9008B80E1 /* NSStringDrawing+SizeWithRect.m */; };
		551E0DDD1CC470B6008B80E1 /* DefaultBlogPost.md in Resources */ = {isa = PBXBuildFile; fileRef = 551E0DDB1CC46F07008B80E1 /* DefaultBlogPost.md */; };
/* End PBXBuildFile section */

/* Begin PBXFileReference section */
		551E0D951CC3C53C008B80E1 /* Lanyon.app */ = {isa = PBXFileReference; explicitFileType = wrapper.application; includeInIndex = 0; path = Lanyon.app; sourceTree = BUILT_PRODUCTS_DIR; };
		551E0D981CC3C53C008B80E1 /* LNYAppDelegate.h */ = {isa = PBXFileReference; lastKnownFileType = sourcecode.c.h; path = LNYAppDelegate.h; sourceTree = "<group>"; };
		551E0D991CC3C53C008B80E1 /* LNYAppDelegate.m */ = {isa = PBXFileReference; lastKnownFileType = sourcecode.c.objc; path = LNYAppDelegate.m; sourceTree = "<group>"; };
		551E0D9C1CC3C53C008B80E1 /* main.m */ = {isa = PBXFileReference; lastKnownFileType = sourcecode.c.objc; path = main.m; sourceTree = "<group>"; };
		551E0D9E1CC3C53C008B80E1 /* LNYJekyllFolderDocument.h */ = {isa = PBXFileReference; lastKnownFileType = sourcecode.c.h; path = LNYJekyllFolderDocument.h; sourceTree = "<group>"; };
		551E0D9F1CC3C53C008B80E1 /* LNYJekyllFolderDocument.m */ = {isa = PBXFileReference; lastKnownFileType = sourcecode.c.objc; path = LNYJekyllFolderDocument.m; sourceTree = "<group>"; };
		551E0DA21CC3C53C008B80E1 /* Base */ = {isa = PBXFileReference; lastKnownFileType = file.xib; name = Base; path = Base.lproj/LNYJekyllFolderDocument.xib; sourceTree = "<group>"; };
		551E0DA41CC3C53C008B80E1 /* Assets.xcassets */ = {isa = PBXFileReference; lastKnownFileType = folder.assetcatalog; path = Assets.xcassets; sourceTree = "<group>"; };
		551E0DA71CC3C53C008B80E1 /* Base */ = {isa = PBXFileReference; lastKnownFileType = file.xib; name = Base; path = Base.lproj/MainMenu.xib; sourceTree = "<group>"; };
		551E0DA91CC3C53C008B80E1 /* Info.plist */ = {isa = PBXFileReference; lastKnownFileType = text.plist.xml; path = Info.plist; sourceTree = "<group>"; };
		551E0DAF1CC3C5E0008B80E1 /* ULIFolderDocumentController.h */ = {isa = PBXFileReference; fileEncoding = 4; lastKnownFileType = sourcecode.c.h; path = ULIFolderDocumentController.h; sourceTree = "<group>"; };
		551E0DB01CC3C5E0008B80E1 /* ULIFolderDocumentController.m */ = {isa = PBXFileReference; fileEncoding = 4; lastKnownFileType = sourcecode.c.objc; path = ULIFolderDocumentController.m; sourceTree = "<group>"; };
		551E0DB21CC3C9C7008B80E1 /* NSTask+ULIReadOutput.h */ = {isa = PBXFileReference; fileEncoding = 4; lastKnownFileType = sourcecode.c.h; name = "NSTask+ULIReadOutput.h"; path = "../UliKit/NSTask+ULIReadOutput.h"; sourceTree = "<group>"; };
		551E0DB31CC3C9C7008B80E1 /* NSTask+ULIReadOutput.m */ = {isa = PBXFileReference; fileEncoding = 4; lastKnownFileType = sourcecode.c.objc; name = "NSTask+ULIReadOutput.m"; path = "../UliKit/NSTask+ULIReadOutput.m"; sourceTree = "<group>"; };
		551E0DB51CC3CEFF008B80E1 /* LNYInitialDefaults.plist */ = {isa = PBXFileReference; fileEncoding = 4; lastKnownFileType = text.plist.xml; path = LNYInitialDefaults.plist; sourceTree = "<group>"; };
		551E0DB71CC3D1E7008B80E1 /* LNYJekyllInstallerWindowController.h */ = {isa = PBXFileReference; fileEncoding = 4; lastKnownFileType = sourcecode.c.h; path = LNYJekyllInstallerWindowController.h; sourceTree = "<group>"; };
		551E0DB81CC3D1E7008B80E1 /* LNYJekyllInstallerWindowController.m */ = {isa = PBXFileReference; fileEncoding = 4; lastKnownFileType = sourcecode.c.objc; path = LNYJekyllInstallerWindowController.m; sourceTree = "<group>"; };
		551E0DB91CC3D1E7008B80E1 /* LNYJekyllInstallerWindowController.xib */ = {isa = PBXFileReference; fileEncoding = 4; lastKnownFileType = file.xib; path = LNYJekyllInstallerWindowController.xib; sourceTree = "<group>"; };
		551E0DBC1CC3F77D008B80E1 /* ULIInputPanelController.h */ = {isa = PBXFileReference; fileEncoding = 4; lastKnownFileType = sourcecode.c.h; name = ULIInputPanelController.h; path = ../UliKit/ULIInputPanelController.h; sourceTree = "<group>"; };
		551E0DBD1CC3F77D008B80E1 /* ULIInputPanelController.m */ = {isa = PBXFileReference; fileEncoding = 4; lastKnownFileType = sourcecode.c.objc; name = ULIInputPanelController.m; path = ../UliKit/ULIInputPanelController.m; sourceTree = "<group>"; };
		551E0DBF1CC3F8D9008B80E1 /* NSStringDrawing+SizeWithRect.h */ = {isa = PBXFileReference; fileEncoding = 4; lastKnownFileType = sourcecode.c.h; name = "NSStringDrawing+SizeWithRect.h"; path = "UliKit/NSStringDrawing+SizeWithRect.h"; sourceTree = SOURCE_ROOT; };
		551E0DC01CC3F8D9008B80E1 /* NSStringDrawing+SizeWithRect.m */ = {isa = PBXFileReference; fileEncoding = 4; lastKnownFileType = sourcecode.c.objc; name = "NSStringDrawing+SizeWithRect.m"; path = "UliKit/NSStringDrawing+SizeWithRect.m"; sourceTree = SOURCE_ROOT; };
		551E0DDB1CC46F07008B80E1 /* DefaultBlogPost.md */ = {isa = PBXFileReference; fileEncoding = 4; lastKnownFileType = net.daringfireball.markdown; path = DefaultBlogPost.md; sourceTree = "<group>"; };
/* End PBXFileReference section */

/* Begin PBXFrameworksBuildPhase section */
		551E0D921CC3C53C008B80E1 /* Frameworks */ = {
			isa = PBXFrameworksBuildPhase;
			buildActionMask = 2147483647;
			files = (
			);
			runOnlyForDeploymentPostprocessing = 0;
		};
/* End PBXFrameworksBuildPhase section */

/* Begin PBXGroup section */
		551E0D8C1CC3C53C008B80E1 = {
			isa = PBXGroup;
			children = (
				551E0D971CC3C53C008B80E1 /* Lanyon */,
				551E0D961CC3C53C008B80E1 /* Products */,
			);
			sourceTree = "<group>";
		};
		551E0D961CC3C53C008B80E1 /* Products */ = {
			isa = PBXGroup;
			children = (
				551E0D951CC3C53C008B80E1 /* Lanyon.app */,
			);
			name = Products;
			sourceTree = "<group>";
		};
		551E0D971CC3C53C008B80E1 /* Lanyon */ = {
			isa = PBXGroup;
			children = (
				551E0D981CC3C53C008B80E1 /* LNYAppDelegate.h */,
				551E0D991CC3C53C008B80E1 /* LNYAppDelegate.m */,
				551E0DA61CC3C53C008B80E1 /* MainMenu.xib */,
				551E0D9E1CC3C53C008B80E1 /* LNYJekyllFolderDocument.h */,
				551E0D9F1CC3C53C008B80E1 /* LNYJekyllFolderDocument.m */,
				551E0DA11CC3C53C008B80E1 /* LNYJekyllFolderDocument.xib */,
				551E0DB71CC3D1E7008B80E1 /* LNYJekyllInstallerWindowController.h */,
				551E0DB81CC3D1E7008B80E1 /* LNYJekyllInstallerWindowController.m */,
				551E0DB91CC3D1E7008B80E1 /* LNYJekyllInstallerWindowController.xib */,
				551E0DAF1CC3C5E0008B80E1 /* ULIFolderDocumentController.h */,
				551E0DB01CC3C5E0008B80E1 /* ULIFolderDocumentController.m */,
				551E0DBC1CC3F77D008B80E1 /* ULIInputPanelController.h */,
				551E0DBD1CC3F77D008B80E1 /* ULIInputPanelController.m */,
				551E0DBF1CC3F8D9008B80E1 /* NSStringDrawing+SizeWithRect.h */,
				551E0DC01CC3F8D9008B80E1 /* NSStringDrawing+SizeWithRect.m */,
				551E0DB21CC3C9C7008B80E1 /* NSTask+ULIReadOutput.h */,
				551E0DB31CC3C9C7008B80E1 /* NSTask+ULIReadOutput.m */,
				551E0DA41CC3C53C008B80E1 /* Assets.xcassets */,
				551E0DA91CC3C53C008B80E1 /* Info.plist */,
				551E0DB51CC3CEFF008B80E1 /* LNYInitialDefaults.plist */,
				551E0DDB1CC46F07008B80E1 /* DefaultBlogPost.md */,
				551E0D9B1CC3C53C008B80E1 /* Supporting Files */,
			);
			path = Lanyon;
			sourceTree = "<group>";
		};
		551E0D9B1CC3C53C008B80E1 /* Supporting Files */ = {
			isa = PBXGroup;
			children = (
				551E0D9C1CC3C53C008B80E1 /* main.m */,
			);
			name = "Supporting Files";
			sourceTree = "<group>";
		};
/* End PBXGroup section */

/* Begin PBXNativeTarget section */
		551E0D941CC3C53C008B80E1 /* Lanyon */ = {
			isa = PBXNativeTarget;
			buildConfigurationList = 551E0DAC1CC3C53C008B80E1 /* Build configuration list for PBXNativeTarget "Lanyon" */;
			buildPhases = (
				551E0D911CC3C53C008B80E1 /* Sources */,
				551E0D921CC3C53C008B80E1 /* Frameworks */,
				551E0D931CC3C53C008B80E1 /* Resources */,
			);
			buildRules = (
			);
			dependencies = (
			);
			name = Lanyon;
			productName = Lanyon;
			productReference = 551E0D951CC3C53C008B80E1 /* Lanyon.app */;
			productType = "com.apple.product-type.application";
		};
/* End PBXNativeTarget section */

/* Begin PBXProject section */
		551E0D8D1CC3C53C008B80E1 /* Project object */ = {
			isa = PBXProject;
			attributes = {
				CLASSPREFIX = LNY;
				LastUpgradeCheck = 0730;
				ORGANIZATIONNAME = "Uli Kusterer";
				TargetAttributes = {
					551E0D941CC3C53C008B80E1 = {
						CreatedOnToolsVersion = 7.3;
					};
				};
			};
			buildConfigurationList = 551E0D901CC3C53C008B80E1 /* Build configuration list for PBXProject "Lanyon" */;
			compatibilityVersion = "Xcode 3.2";
			developmentRegion = English;
			hasScannedForEncodings = 0;
			knownRegions = (
				en,
				Base,
			);
			mainGroup = 551E0D8C1CC3C53C008B80E1;
			productRefGroup = 551E0D961CC3C53C008B80E1 /* Products */;
			projectDirPath = "";
			projectRoot = "";
			targets = (
				551E0D941CC3C53C008B80E1 /* Lanyon */,
			);
		};
/* End PBXProject section */

/* Begin PBXResourcesBuildPhase section */
		551E0D931CC3C53C008B80E1 /* Resources */ = {
			isa = PBXResourcesBuildPhase;
			buildActionMask = 2147483647;
			files = (
				551E0DA51CC3C53C008B80E1 /* Assets.xcassets in Resources */,
				551E0DBB1CC3D1E7008B80E1 /* LNYJekyllInstallerWindowController.xib in Resources */,
				551E0DA31CC3C53C008B80E1 /* LNYJekyllFolderDocument.xib in Resources */,
				551E0DA81CC3C53C008B80E1 /* MainMenu.xib in Resources */,
				551E0DB61CC3CF00008B80E1 /* LNYInitialDefaults.plist in Resources */,
				551E0DDD1CC470B6008B80E1 /* DefaultBlogPost.md in Resources */,
			);
			runOnlyForDeploymentPostprocessing = 0;
		};
/* End PBXResourcesBuildPhase section */

/* Begin PBXSourcesBuildPhase section */
		551E0D911CC3C53C008B80E1 /* Sources */ = {
			isa = PBXSourcesBuildPhase;
			buildActionMask = 2147483647;
			files = (
				551E0DBE1CC3F77D008B80E1 /* ULIInputPanelController.m in Sources */,
				551E0DA01CC3C53C008B80E1 /* LNYJekyllFolderDocument.m in Sources */,
				551E0DB11CC3C5E0008B80E1 /* ULIFolderDocumentController.m in Sources */,
				551E0D9D1CC3C53C008B80E1 /* main.m in Sources */,
				551E0DBA1CC3D1E7008B80E1 /* LNYJekyllInstallerWindowController.m in Sources */,
				551E0DC11CC3F8D9008B80E1 /* NSStringDrawing+SizeWithRect.m in Sources */,
				551E0DB41CC3C9C7008B80E1 /* NSTask+ULIReadOutput.m in Sources */,
				551E0D9A1CC3C53C008B80E1 /* LNYAppDelegate.m in Sources */,
			);
			runOnlyForDeploymentPostprocessing = 0;
		};
/* End PBXSourcesBuildPhase section */

/* Begin PBXVariantGroup section */
		551E0DA11CC3C53C008B80E1 /* LNYJekyllFolderDocument.xib */ = {
			isa = PBXVariantGroup;
			children = (
				551E0DA21CC3C53C008B80E1 /* Base */,
			);
			name = LNYJekyllFolderDocument.xib;
			sourceTree = "<group>";
		};
		551E0DA61CC3C53C008B80E1 /* MainMenu.xib */ = {
			isa = PBXVariantGroup;
			children = (
				551E0DA71CC3C53C008B80E1 /* Base */,
			);
			name = MainMenu.xib;
			sourceTree = "<group>";
		};
/* End PBXVariantGroup section */

/* Begin XCBuildConfiguration section */
		551E0DAA1CC3C53C008B80E1 /* Debug */ = {
			isa = XCBuildConfiguration;
			buildSettings = {
				ALWAYS_SEARCH_USER_PATHS = NO;
				CLANG_ANALYZER_NONNULL = YES;
				CLANG_CXX_LANGUAGE_STANDARD = "gnu++0x";
				CLANG_CXX_LIBRARY = "libc++";
				CLANG_ENABLE_MODULES = YES;
				CLANG_ENABLE_OBJC_ARC = YES;
				CLANG_WARN_BOOL_CONVERSION = YES;
				CLANG_WARN_CONSTANT_CONVERSION = YES;
				CLANG_WARN_DIRECT_OBJC_ISA_USAGE = YES_ERROR;
				CLANG_WARN_EMPTY_BODY = YES;
				CLANG_WARN_ENUM_CONVERSION = YES;
				CLANG_WARN_INT_CONVERSION = YES;
				CLANG_WARN_OBJC_ROOT_CLASS = YES_ERROR;
				CLANG_WARN_UNREACHABLE_CODE = YES;
				CLANG_WARN__DUPLICATE_METHOD_MATCH = YES;
				CODE_SIGN_IDENTITY = "-";
				COPY_PHASE_STRIP = NO;
				DEBUG_INFORMATION_FORMAT = dwarf;
				ENABLE_STRICT_OBJC_MSGSEND = YES;
				ENABLE_TESTABILITY = YES;
				GCC_C_LANGUAGE_STANDARD = gnu99;
				GCC_DYNAMIC_NO_PIC = NO;
				GCC_NO_COMMON_BLOCKS = YES;
				GCC_OPTIMIZATION_LEVEL = 0;
				GCC_PREPROCESSOR_DEFINITIONS = (
					"DEBUG=1",
					"$(inherited)",
				);
				GCC_WARN_64_TO_32_BIT_CONVERSION = YES;
				GCC_WARN_ABOUT_RETURN_TYPE = YES_ERROR;
				GCC_WARN_UNDECLARED_SELECTOR = YES;
				GCC_WARN_UNINITIALIZED_AUTOS = YES_AGGRESSIVE;
				GCC_WARN_UNUSED_FUNCTION = YES;
				GCC_WARN_UNUSED_VARIABLE = YES;
				MACOSX_DEPLOYMENT_TARGET = 10.11;
				MTL_ENABLE_DEBUG_INFO = YES;
				ONLY_ACTIVE_ARCH = YES;
				SDKROOT = macosx;
			};
			name = Debug;
		};
		551E0DAB1CC3C53C008B80E1 /* Release */ = {
			isa = XCBuildConfiguration;
			buildSettings = {
				ALWAYS_SEARCH_USER_PATHS = NO;
				CLANG_ANALYZER_NONNULL = YES;
				CLANG_CXX_LANGUAGE_STANDARD = "gnu++0x";
				CLANG_CXX_LIBRARY = "libc++";
				CLANG_ENABLE_MODULES = YES;
				CLANG_ENABLE_OBJC_ARC = YES;
				CLANG_WARN_BOOL_CONVERSION = YES;
				CLANG_WARN_CONSTANT_CONVERSION = YES;
				CLANG_WARN_DIRECT_OBJC_ISA_USAGE = YES_ERROR;
				CLANG_WARN_EMPTY_BODY = YES;
				CLANG_WARN_ENUM_CONVERSION = YES;
				CLANG_WARN_INT_CONVERSION = YES;
				CLANG_WARN_OBJC_ROOT_CLASS = YES_ERROR;
				CLANG_WARN_UNREACHABLE_CODE = YES;
				CLANG_WARN__DUPLICATE_METHOD_MATCH = YES;
				CODE_SIGN_IDENTITY = "-";
				COPY_PHASE_STRIP = NO;
				DEBUG_INFORMATION_FORMAT = "dwarf-with-dsym";
				ENABLE_NS_ASSERTIONS = NO;
				ENABLE_STRICT_OBJC_MSGSEND = YES;
				GCC_C_LANGUAGE_STANDARD = gnu99;
				GCC_NO_COMMON_BLOCKS = YES;
				GCC_WARN_64_TO_32_BIT_CONVERSION = YES;
				GCC_WARN_ABOUT_RETURN_TYPE = YES_ERROR;
				GCC_WARN_UNDECLARED_SELECTOR = YES;
				GCC_WARN_UNINITIALIZED_AUTOS = YES_AGGRESSIVE;
				GCC_WARN_UNUSED_FUNCTION = YES;
				GCC_WARN_UNUSED_VARIABLE = YES;
				MACOSX_DEPLOYMENT_TARGET = 10.11;
				MTL_ENABLE_DEBUG_INFO = NO;
				SDKROOT = macosx;
			};
			name = Release;
		};
		551E0DAD1CC3C53C008B80E1 /* Debug */ = {
			isa = XCBuildConfiguration;
			buildSettings = {
				ASSETCATALOG_COMPILER_APPICON_NAME = AppIcon;
				COMBINE_HIDPI_IMAGES = YES;
				INFOPLIST_FILE = Lanyon/Info.plist;
				LD_RUNPATH_SEARCH_PATHS = "$(inherited) @executable_path/../Frameworks";
				PRODUCT_BUNDLE_IDENTIFIER = com.thevoidsoftware.Lanyon;
				PRODUCT_NAME = "$(TARGET_NAME)";
			};
			name = Debug;
		};
		551E0DAE1CC3C53C008B80E1 /* Release */ = {
			isa = XCBuildConfiguration;
			buildSettings = {
				ASSETCATALOG_COMPILER_APPICON_NAME = AppIcon;
				COMBINE_HIDPI_IMAGES = YES;
				INFOPLIST_FILE = Lanyon/Info.plist;
				LD_RUNPATH_SEARCH_PATHS = "$(inherited) @executable_path/../Frameworks";
				PRODUCT_BUNDLE_IDENTIFIER = com.thevoidsoftware.Lanyon;
				PRODUCT_NAME = "$(TARGET_NAME)";
			};
			name = Release;
		};
/* End XCBuildConfiguration section */

/* Begin XCConfigurationList section */
		551E0D901CC3C53C008B80E1 /* Build configuration list for PBXProject "Lanyon" */ = {
			isa = XCConfigurationList;
			buildConfigurations = (
				551E0DAA1CC3C53C008B80E1 /* Debug */,
				551E0DAB1CC3C53C008B80E1 /* Release */,
			);
			defaultConfigurationIsVisible = 0;
			defaultConfigurationName = Release;
		};
		551E0DAC1CC3C53C008B80E1 /* Build configuration list for PBXNativeTarget "Lanyon" */ = {
			isa = XCConfigurationList;
			buildConfigurations = (
				551E0DAD1CC3C53C008B80E1 /* Debug */,
				551E0DAE1CC3C53C008B80E1 /* Release */,
			);
			defaultConfigurationIsVisible = 0;
			defaultConfigurationName = Release;
		};
/* End XCConfigurationList section */
	};
	rootObject = 551E0D8D1CC3C53C008B80E1 /* Project object */;
}
